# @generated - this file is auto-generated by `mise lock` https://mise.en.dev/dev-tools/mise-lock.html

[[tools.dprint]]
version = "0.54.0"
backend = "aqua:dprint/dprint"

[tools.dprint."platforms.linux-arm64"]
checksum = "sha256:9a66b5931ca30402a3dd2933c432c6b6316eedd08037ab0aeb8d24cd17b2a301"
url = "https://github.com/dprint/dprint/releases/download/0.54.0/dprint-aarch64-unknown-linux-musl.zip"

[tools.dprint."platforms.linux-arm64-musl"]
checksum = "sha256:9a66b5931ca30402a3dd2933c432c6b6316eedd08037ab0aeb8d24cd17b2a301"
url = "https://github.com/dprint/dprint/releases/download/0.54.0/dprint-aarch64-unknown-linux-musl.zip"

[tools.dprint."platforms.linux-x64"]
checksum = "sha256:859ae94e596105201faa59a3fb4bedc8316e226e3e154ae410f9373461e1e41c"
url = "https://github.com/dprint/dprint/releases/download/0.54.0/dprint-x86_64-unknown-linux-musl.zip"

[tools.dprint."platforms.linux-x64-musl"]
checksum = "sha256:859ae94e596105201faa59a3fb4bedc8316e226e3e154ae410f9373461e1e41c"
url = "https://github.com/dprint/dprint/releases/download/0.54.0/dprint-x86_64-unknown-linux-musl.zip"

[tools.dprint."platforms.macos-arm64"]
checksum = "sha256:1d6a8fb14d66cba0f049738edd4ab3b1afc1de6d936cd32e483e33284cfd1ade"
url = "https://github.com/dprint/dprint/releases/download/0.54.0/dprint-aarch64-apple-darwin.zip"

[tools.dprint."platforms.macos-x64"]
checksum = "sha256:fdbffa16cf0890ca30e958ffdabe7748e733867651a438ede1501f0e1a7b5e91"
url = "https://github.com/dprint/dprint/releases/download/0.54.0/dprint-x86_64-apple-darwin.zip"

[tools.dprint."platforms.windows-x64"]
checksum = "sha256:3fd881acaf7fd4fbc5d07c3030ce79b965a4cb7128fe0eb1ebe725188ccd2715"
url = "https://github.com/dprint/dprint/releases/download/0.54.0/dprint-x86_64-pc-windows-msvc.zip"

[[tools.go]]
version = "1.26.5"
backend = "core:go"

[tools.go."platforms.linux-arm64"]
checksum = "sha256:fe4789e92b1f33358680864bbe8704289e7bb5fc207d80623c308935bd696d49"
url = "https://dl.google.com/go/go1.26.5.linux-arm64.tar.gz"

[tools.go."platforms.linux-arm64-musl"]
checksum = "sha256:fe4789e92b1f33358680864bbe8704289e7bb5fc207d80623c308935bd696d49"
url = "https://dl.google.com/go/go1.26.5.linux-arm64.tar.gz"

[tools.go."platforms.linux-x64"]
checksum = "sha256:5c2c3b16caefa1d968a94c1daca04a7ca301a496d9b086e17ad77bb81393f053"
url = "https://dl.google.com/go/go1.26.5.linux-amd64.tar.gz"

[tools.go."platforms.linux-x64-musl"]
checksum = "sha256:5c2c3b16caefa1d968a94c1daca04a7ca301a496d9b086e17ad77bb81393f053"
url = "https://dl.google.com/go/go1.26.5.linux-amd64.tar.gz"

[tools.go."platforms.macos-arm64"]
checksum = "sha256:efb87ff28af9a188d0536ef5d42e63dd52ba8263cd7344a993cc48dd11dedb6a"
url = "https://dl.google.com/go/go1.26.5.darwin-arm64.tar.gz"

[tools.go."platforms.macos-x64"]
checksum = "sha256:6231d8d3b8f5552ec6cbf6d685bdd5482e1e703214b120e89b3bf0d7bf1ef725"
url = "https://dl.google.com/go/go1.26.5.darwin-amd64.tar.gz"

[tools.go."platforms.windows-x64"]
checksum = "sha256:97e6b2a833b6d89f9ff17d25419ac0a7e3b482a044e9ab18cdef834bd834fd38"
url = "https://dl.google.com/go/go1.26.5.windows-amd64.zip"

[[tools.golangci-lint]]
version = "2.12.2"
backend = "aqua:golangci/golangci-lint"

[tools.golangci-lint."platforms.linux-arm64"]
checksum = "sha256:44cd40a8c76c86755375adfeea52cfd3533cb43d7bd647771e0ae065e166df3a"
url = "https://github.com/golangci/golangci-lint/releases/download/v2.12.2/golangci-lint-2.12.2-linux-arm64.tar.gz"
provenance = "github-attestations"

[tools.golangci-lint."platforms.linux-arm64-musl"]
checksum = "sha256:44cd40a8c76c86755375adfeea52cfd3533cb43d7bd647771e0ae065e166df3a"
url = "https://github.com/golangci/golangci-lint/releases/download/v2.12.2/golangci-lint-2.12.2-linux-arm64.tar.gz"
provenance = "github-attestations"

[tools.golangci-lint."platforms.linux-x64"]
checksum = "sha256:8df580d2670fed8fa984aac0507099af8df275e665215f5c7a2ae3943893a553"
url = "https://github.com/golangci/golangci-lint/releases/download/v2.12.2/golangci-lint-2.12.2-linux-amd64.tar.gz"
provenance = "github-attestations"

[tools.golangci-lint."platforms.linux-x64-musl"]
checksum = "sha256:8df580d2670fed8fa984aac0507099af8df275e665215f5c7a2ae3943893a553"
url = "https://github.com/golangci/golangci-lint/releases/download/v2.12.2/golangci-lint-2.12.2-linux-amd64.tar.gz"
provenance = "github-attestations"

[tools.golangci-lint."platforms.macos-arm64"]
checksum = "sha256:a9c54498731b3128f79e090be6110f3e5fffccc617b08142ed244d4126c73f29"
url = "https://github.com/golangci/golangci-lint/releases/download/v2.12.2/golangci-lint-2.12.2-darwin-arm64.tar.gz"
provenance = "github-attestations"

[tools.golangci-lint."platforms.macos-x64"]
checksum = "sha256:f6f06d94b6241521c53d15450c5209b028270bf966f842afb11c030c79f5bc16"
url = "https://github.com/golangci/golangci-lint/releases/download/v2.12.2/golangci-lint-2.12.2-darwin-amd64.tar.gz"
provenance = "github-attestations"

[tools.golangci-lint."platforms.windows-x64"]
checksum = "sha256:bd42e3ebc8cb4ececb86941983baaf1dc221bbb04d838e94ce63b49cc91e02bb"
url = "https://github.com/golangci/golangci-lint/releases/download/v2.12.2/golangci-lint-2.12.2-windows-amd64.zip"
provenance = "github-attestations"

[[tools."pipx:commitizen"]]
version = "4.16.3"
backend = "pipx:commitizen"

[[tools.prek]]
version = "0.4.5"
backend = "aqua:j178/prek"

[tools.prek."platforms.linux-arm64"]
checksum = "sha256:9c3f0686b6f12995b2f9cbc2953a457987622a29bbcdeaa64f62527af851fc1e"
url = "https://github.com/j178/prek/releases/download/v0.4.5/prek-aarch64-unknown-linux-musl.tar.gz"
provenance = "github-attestations"

[tools.prek."platforms.linux-arm64-musl"]
checksum = "sha256:9c3f0686b6f12995b2f9cbc2953a457987622a29bbcdeaa64f62527af851fc1e"
url = "https://github.com/j178/prek/releases/download/v0.4.5/prek-aarch64-unknown-linux-musl.tar.gz"
provenance = "github-attestations"

[tools.prek."platforms.linux-x64"]
checksum = "sha256:94698d1cd74e7b462a017257efeab6f46142f4fb3da9a1314f06c1d55c26d614"
url = "https://github.com/j178/prek/releases/download/v0.4.5/prek-x86_64-unknown-linux-musl.tar.gz"
provenance = "github-attestations"

[tools.prek."platforms.linux-x64-musl"]
checksum = "sha256:94698d1cd74e7b462a017257efeab6f46142f4fb3da9a1314f06c1d55c26d614"
url = "https://github.com/j178/prek/releases/download/v0.4.5/prek-x86_64-unknown-linux-musl.tar.gz"
provenance = "github-attestations"

[tools.prek."platforms.macos-arm64"]
checksum = "sha256:ed4920762f0e3db07163c437af622a1d4905e1ad7053692a495551b9ce92549f"
url = "https://github.com/j178/prek/releases/download/v0.4.5/prek-aarch64-apple-darwin.tar.gz"
provenance = "github-attestations"

[tools.prek."platforms.macos-x64"]
checksum = "sha256:b0afc8bbea69d61bbfe49100394df99eed15a9c4675b06c9936417e65aa88b16"
url = "https://github.com/j178/prek/releases/download/v0.4.5/prek-x86_64-apple-darwin.tar.gz"
provenance = "github-attestations"

[tools.prek."platforms.windows-x64"]
checksum = "sha256:1ee0d2b210acc805e0ccd1b00fa84eb1d0d939f1a79da37ae9f432e1c16c5986"
url = "https://github.com/j178/prek/releases/download/v0.4.5/prek-x86_64-pc-windows-msvc.zip"
provenance = "github-attestations"
